
Microsoft Visual Studio Solution File, Format Version 12.00
# Visual Studio Version 16
VisualStudioVersion = 16.0.31605.320
MinimumVisualStudioVersion = 10.0.40219.1
Project("{FAE04EC0-301F-11D3-BF4B-00C04F79EFBC}") = "ListaTarefas", "ListaTarefas\ListaTarefas.csproj", "{AAA0338B-B396-494D-A7BC-4F608EF2EA1E}"
EndProject
Global
	GlobalSection(SolutionConfigurationPlatforms) = preSolution
		Debug|Any CPU = Debug|Any CPU
		Release|Any CPU = Release|Any CPU
	EndGlobalSection
	GlobalSection(ProjectConfigurationPlatforms) = postSolution
		{AAA0338B-B396-494D-A7BC-4F608EF2EA1E}.Debug|Any CPU.ActiveCfg = Debug|Any CPU
		{AAA0338B-B396-494D-A7BC-4F608EF2EA1E}.Debug|Any CPU.Build.0 = Debug|Any CPU
		{AAA0338B-B396-494D-A7BC-4F608EF2EA1E}.Release|Any CPU.ActiveCfg = Release|Any CPU
		{AAA0338B-B396-494D-A7BC-4F608EF2EA1E}.Release|Any CPU.Build.0 = Release|Any CPU
	EndGlobalSection
	GlobalSection(SolutionProperties) = preSolution
		HideSolutionNode = FALSE
	EndGlobalSection
	GlobalSection(ExtensibilityGlobals) = postSolution
		SolutionGuid = {28D45C6C-6AA3-451E-ACAA-550F44BCF0C6}
	EndGlobalSection
EndGlobal
